
Microsoft Visual Studio Solution File, Format Version 12.00
# Visual Studio Express 2012 for Windows Desktop
Project("{FAE04EC0-301F-11D3-BF4B-00C04F79EFBC}") = "Lines", "Lines\Lines.csproj", "{4C1060FC-D68B-4416-8BE7-FDDFA5032D37}"
EndProject
Project("{FAE04EC0-301F-11D3-BF4B-00C04F79EFBC}") = "HourGlass", "Sand-glass\HourGlass.csproj", "{B82E2068-0C16-4E44-A7B3-6764C2BE8669}"
EndProject
Project("{FAE04EC0-301F-11D3-BF4B-00C04F79EFBC}") = "FighterAttack", "Fighter Attack\FighterAttack.csproj", "{F1018C5B-DF26-40DF-B029-FAFD6A65511C}"
EndProject
Project("{FAE04EC0-301F-11D3-BF4B-00C04F79EFBC}") = "DancingBits", "Dancing Bits\DancingBits.csproj", "{C8F5A583-A5AC-46C2-B3C3-F6EEEFAAC78A}"
EndProject
Project("{FAE04EC0-301F-11D3-BF4B-00C04F79EFBC}") = "AstrologicalDigits", "Astrological Digits\AstrologicalDigits.csproj", "{D483D0BE-8379-4296-8484-7C568C3D8F54}"
EndProject
Global
	GlobalSection(SolutionConfigurationPlatforms) = preSolution
		Debug|Any CPU = Debug|Any CPU
		Release|Any CPU = Release|Any CPU
	EndGlobalSection
	GlobalSection(ProjectConfigurationPlatforms) = postSolution
		{4C1060FC-D68B-4416-8BE7-FDDFA5032D37}.Debug|Any CPU.ActiveCfg = Debug|Any CPU
		{4C1060FC-D68B-4416-8BE7-FDDFA5032D37}.Debug|Any CPU.Build.0 = Debug|Any CPU
		{4C1060FC-D68B-4416-8BE7-FDDFA5032D37}.Release|Any CPU.ActiveCfg = Release|Any CPU
		{4C1060FC-D68B-4416-8BE7-FDDFA5032D37}.Release|Any CPU.Build.0 = Release|Any CPU
		{B82E2068-0C16-4E44-A7B3-6764C2BE8669}.Debug|Any CPU.ActiveCfg = Debug|Any CPU
		{B82E2068-0C16-4E44-A7B3-6764C2BE8669}.Debug|Any CPU.Build.0 = Debug|Any CPU
		{B82E2068-0C16-4E44-A7B3-6764C2BE8669}.Release|Any CPU.ActiveCfg = Release|Any CPU
		{B82E2068-0C16-4E44-A7B3-6764C2BE8669}.Release|Any CPU.Build.0 = Release|Any CPU
		{F1018C5B-DF26-40DF-B029-FAFD6A65511C}.Debug|Any CPU.ActiveCfg = Debug|Any CPU
		{F1018C5B-DF26-40DF-B029-FAFD6A65511C}.Debug|Any CPU.Build.0 = Debug|Any CPU
		{F1018C5B-DF26-40DF-B029-FAFD6A65511C}.Release|Any CPU.ActiveCfg = Release|Any CPU
		{F1018C5B-DF26-40DF-B029-FAFD6A65511C}.Release|Any CPU.Build.0 = Release|Any CPU
		{C8F5A583-A5AC-46C2-B3C3-F6EEEFAAC78A}.Debug|Any CPU.ActiveCfg = Debug|Any CPU
		{C8F5A583-A5AC-46C2-B3C3-F6EEEFAAC78A}.Debug|Any CPU.Build.0 = Debug|Any CPU
		{C8F5A583-A5AC-46C2-B3C3-F6EEEFAAC78A}.Release|Any CPU.ActiveCfg = Release|Any CPU
		{C8F5A583-A5AC-46C2-B3C3-F6EEEFAAC78A}.Release|Any CPU.Build.0 = Release|Any CPU
		{D483D0BE-8379-4296-8484-7C568C3D8F54}.Debug|Any CPU.ActiveCfg = Debug|Any CPU
		{D483D0BE-8379-4296-8484-7C568C3D8F54}.Debug|Any CPU.Build.0 = Debug|Any CPU
		{D483D0BE-8379-4296-8484-7C568C3D8F54}.Release|Any CPU.ActiveCfg = Release|Any CPU
		{D483D0BE-8379-4296-8484-7C568C3D8F54}.Release|Any CPU.Build.0 = Release|Any CPU
	EndGlobalSection
	GlobalSection(SolutionProperties) = preSolution
		HideSolutionNode = FALSE
	EndGlobalSection
EndGlobal
