
Microsoft Visual Studio Solution File, Format Version 12.00
# Visual Studio Express 2012 for Windows Desktop
Project("{FAE04EC0-301F-11D3-BF4B-00C04F79EFBC}") = "FirTree", "FirTree\FirTree.csproj", "{E00A6D12-FE5E-449C-8DCA-20EC6575F397}"
EndProject
Project("{FAE04EC0-301F-11D3-BF4B-00C04F79EFBC}") = "Pillars", "Pillars\Pillars.csproj", "{36C86C7B-B7D1-4CE9-93A3-D63CFC268771}"
EndProject
Project("{FAE04EC0-301F-11D3-BF4B-00C04F79EFBC}") = "ShipDamage", "Ship Damage\ShipDamage.csproj", "{F1018C5B-DF26-40DF-B029-FAFD6A65511C}"
EndProject
Project("{FAE04EC0-301F-11D3-BF4B-00C04F79EFBC}") = "Tribonacci", "Tribonacci\Tribonacci.csproj", "{8B39F4B5-6456-4256-BE51-04BCE52BC9D8}"
EndProject
Project("{FAE04EC0-301F-11D3-BF4B-00C04F79EFBC}") = "WeAllLoveBits", "WeAllLoveBits\WeAllLoveBits.csproj", "{8DF14442-E3BF-459D-B1EB-2C7FD479DD0D}"
EndProject
Global
	GlobalSection(SolutionConfigurationPlatforms) = preSolution
		Debug|Any CPU = Debug|Any CPU
		Release|Any CPU = Release|Any CPU
	EndGlobalSection
	GlobalSection(ProjectConfigurationPlatforms) = postSolution
		{E00A6D12-FE5E-449C-8DCA-20EC6575F397}.Debug|Any CPU.ActiveCfg = Debug|Any CPU
		{E00A6D12-FE5E-449C-8DCA-20EC6575F397}.Debug|Any CPU.Build.0 = Debug|Any CPU
		{E00A6D12-FE5E-449C-8DCA-20EC6575F397}.Release|Any CPU.ActiveCfg = Release|Any CPU
		{E00A6D12-FE5E-449C-8DCA-20EC6575F397}.Release|Any CPU.Build.0 = Release|Any CPU
		{36C86C7B-B7D1-4CE9-93A3-D63CFC268771}.Debug|Any CPU.ActiveCfg = Debug|Any CPU
		{36C86C7B-B7D1-4CE9-93A3-D63CFC268771}.Debug|Any CPU.Build.0 = Debug|Any CPU
		{36C86C7B-B7D1-4CE9-93A3-D63CFC268771}.Release|Any CPU.ActiveCfg = Release|Any CPU
		{36C86C7B-B7D1-4CE9-93A3-D63CFC268771}.Release|Any CPU.Build.0 = Release|Any CPU
		{F1018C5B-DF26-40DF-B029-FAFD6A65511C}.Debug|Any CPU.ActiveCfg = Debug|Any CPU
		{F1018C5B-DF26-40DF-B029-FAFD6A65511C}.Debug|Any CPU.Build.0 = Debug|Any CPU
		{F1018C5B-DF26-40DF-B029-FAFD6A65511C}.Release|Any CPU.ActiveCfg = Release|Any CPU
		{F1018C5B-DF26-40DF-B029-FAFD6A65511C}.Release|Any CPU.Build.0 = Release|Any CPU
		{8B39F4B5-6456-4256-BE51-04BCE52BC9D8}.Debug|Any CPU.ActiveCfg = Debug|Any CPU
		{8B39F4B5-6456-4256-BE51-04BCE52BC9D8}.Debug|Any CPU.Build.0 = Debug|Any CPU
		{8B39F4B5-6456-4256-BE51-04BCE52BC9D8}.Release|Any CPU.ActiveCfg = Release|Any CPU
		{8B39F4B5-6456-4256-BE51-04BCE52BC9D8}.Release|Any CPU.Build.0 = Release|Any CPU
		{8DF14442-E3BF-459D-B1EB-2C7FD479DD0D}.Debug|Any CPU.ActiveCfg = Debug|Any CPU
		{8DF14442-E3BF-459D-B1EB-2C7FD479DD0D}.Debug|Any CPU.Build.0 = Debug|Any CPU
		{8DF14442-E3BF-459D-B1EB-2C7FD479DD0D}.Release|Any CPU.ActiveCfg = Release|Any CPU
		{8DF14442-E3BF-459D-B1EB-2C7FD479DD0D}.Release|Any CPU.Build.0 = Release|Any CPU
	EndGlobalSection
	GlobalSection(SolutionProperties) = preSolution
		HideSolutionNode = FALSE
	EndGlobalSection
EndGlobal
